
Microsoft Visual Studio Solution File, Format Version 12.00
# Visual Studio 15
VisualStudioVersion = 15.0.27004.2005
MinimumVisualStudioVersion = 10.0.40219.1
Project("{2150E333-8FDC-42A3-9474-1A3956D46DE8}") = "src", "src", "{F457274E-F20E-4487-B1E2-7BF666EE0748}"
EndProject
Project("{2150E333-8FDC-42A3-9474-1A3956D46DE8}") = "docs", "docs", "{C7072360-80B4-417D-AC90-08DBBE9133D3}"
EndProject
Project("{FAE04EC0-301F-11D3-BF4B-00C04F79EFBC}") = "Effective.Octo.Tribble.WebApp", "Effective.Octo.Tribble.WebApp\Effective.Octo.Tribble.WebApp.csproj", "{7A6F02C6-9468-4D5E-B002-3BBC3DD78B68}"
EndProject
Global
	GlobalSection(SolutionConfigurationPlatforms) = preSolution
		Debug|Any CPU = Debug|Any CPU
		Release|Any CPU = Release|Any CPU
	EndGlobalSection
	GlobalSection(ProjectConfigurationPlatforms) = postSolution
		{7A6F02C6-9468-4D5E-B002-3BBC3DD78B68}.Debug|Any CPU.ActiveCfg = Debug|Any CPU
		{7A6F02C6-9468-4D5E-B002-3BBC3DD78B68}.Debug|Any CPU.Build.0 = Debug|Any CPU
		{7A6F02C6-9468-4D5E-B002-3BBC3DD78B68}.Release|Any CPU.ActiveCfg = Release|Any CPU
		{7A6F02C6-9468-4D5E-B002-3BBC3DD78B68}.Release|Any CPU.Build.0 = Release|Any CPU
	EndGlobalSection
	GlobalSection(SolutionProperties) = preSolution
		HideSolutionNode = FALSE
	EndGlobalSection
	GlobalSection(NestedProjects) = preSolution
		{7A6F02C6-9468-4D5E-B002-3BBC3DD78B68} = {F457274E-F20E-4487-B1E2-7BF666EE0748}
	EndGlobalSection
	GlobalSection(ExtensibilityGlobals) = postSolution
		SolutionGuid = {79402CDA-2CD2-4E55-BD0B-913D37907F59}
	EndGlobalSection
EndGlobal
